// !$*UTF8*$!
{
	archiveVersion = 1;
	classes = {
	};
	objectVersion = 56;
	objects = {

/* Begin PBXBuildFile section */
		C19A5EBC2BB073930098AB46 /* visionSDKApp.swift in Sources */ = {isa = PBXBuildFile; fileRef = C19A5EBB2BB073930098AB46 /* visionSDKApp.swift */; };
		C19A5EBE2BB073930098AB46 /* PreviewerView.swift in Sources */ = {isa = PBXBuildFile; fileRef = C19A5EBD2BB073930098AB46 /* PreviewerView.swift */; };
		C19A5EC02BB073950098AB46 /* Assets.xcassets in Resources */ = {isa = PBXBuildFile; fileRef = C19A5EBF2BB073950098AB46 /* Assets.xcassets */; };
		C19A5EC32BB073950098AB46 /* Preview Assets.xcassets in Resources */ = {isa = PBXBuildFile; fileRef = C19A5EC22BB073950098AB46 /* Preview Assets.xcassets */; };
		C19A5ECB2BB074430098AB46 /* VisionManager.swift in Sources */ = {isa = PBXBuildFile; fileRef = C19A5ECA2BB074430098AB46 /* VisionManager.swift */; };
		C19A5ECD2BB08DFD0098AB46 /* DocumentScanner.swift in Sources */ = {isa = PBXBuildFile; fileRef = C19A5ECC2BB08DFD0098AB46 /* DocumentScanner.swift */; };
		C19A5ED12BB1641D0098AB46 /* PreviewerViewModel.swift in Sources */ = {isa = PBXBuildFile; fileRef = C19A5ED02BB1641D0098AB46 /* PreviewerViewModel.swift */; };
/* End PBXBuildFile section */

/* Begin PBXFileReference section */
		C19A5EB82BB073930098AB46 /* visionSDK.app */ = {isa = PBXFileReference; explicitFileType = wrapper.application; includeInIndex = 0; path = visionSDK.app; sourceTree = BUILT_PRODUCTS_DIR; };
		C19A5EBB2BB073930098AB46 /* visionSDKApp.swift */ = {isa = PBXFileReference; lastKnownFileType = sourcecode.swift; path = visionSDKApp.swift; sourceTree = "<group>"; };
		C19A5EBD2BB073930098AB46 /* PreviewerView.swift */ = {isa = PBXFileReference; lastKnownFileType = sourcecode.swift; path = PreviewerView.swift; sourceTree = "<group>"; };
		C19A5EBF2BB073950098AB46 /* Assets.xcassets */ = {isa = PBXFileReference; lastKnownFileType = folder.assetcatalog; path = Assets.xcassets; sourceTree = "<group>"; };
		C19A5EC22BB073950098AB46 /* Preview Assets.xcassets */ = {isa = PBXFileReference; lastKnownFileType = folder.assetcatalog; path = "Preview Assets.xcassets"; sourceTree = "<group>"; };
		C19A5ECA2BB074430098AB46 /* VisionManager.swift */ = {isa = PBXFileReference; lastKnownFileType = sourcecode.swift; path = VisionManager.swift; sourceTree = "<group>"; };
		C19A5ECC2BB08DFD0098AB46 /* DocumentScanner.swift */ = {isa = PBXFileReference; lastKnownFileType = sourcecode.swift; path = DocumentScanner.swift; sourceTree = "<group>"; };
		C19A5ECE2BB08EE00098AB46 /* Info.plist */ = {isa = PBXFileReference; lastKnownFileType = text.plist; path = Info.plist; sourceTree = "<group>"; };
		C19A5ED02BB1641D0098AB46 /* PreviewerViewModel.swift */ = {isa = PBXFileReference; lastKnownFileType = sourcecode.swift; path = PreviewerViewModel.swift; sourceTree = "<group>"; };
/* End PBXFileReference section */

/* Begin PBXFrameworksBuildPhase section */
		C19A5EB52BB073930098AB46 /* Frameworks */ = {
			isa = PBXFrameworksBuildPhase;
			buildActionMask = 2147483647;
			files = (
			);
			runOnlyForDeploymentPostprocessing = 0;
		};
/* End PBXFrameworksBuildPhase section */

/* Begin PBXGroup section */
		C19A5EAF2BB073930098AB46 = {
			isa = PBXGroup;
			children = (
				C19A5EBA2BB073930098AB46 /* visionSDK */,
				C19A5EB92BB073930098AB46 /* Products */,
			);
			sourceTree = "<group>";
		};
		C19A5EB92BB073930098AB46 /* Products */ = {
			isa = PBXGroup;
			children = (
				C19A5EB82BB073930098AB46 /* visionSDK.app */,
			);
			name = Products;
			sourceTree = "<group>";
		};
		C19A5EBA2BB073930098AB46 /* visionSDK */ = {
			isa = PBXGroup;
			children = (
				C19A5ECE2BB08EE00098AB46 /* Info.plist */,
				C19A5ED72BB1DE5E0098AB46 /* manager */,
				C19A5ED62BB1DE400098AB46 /* resources */,
				C19A5ED22BB1DE0C0098AB46 /* presentation */,
				C19A5EC12BB073950098AB46 /* Preview Content */,
			);
			path = visionSDK;
			sourceTree = "<group>";
		};
		C19A5EC12BB073950098AB46 /* Preview Content */ = {
			isa = PBXGroup;
			children = (
				C19A5EC22BB073950098AB46 /* Preview Assets.xcassets */,
			);
			path = "Preview Content";
			sourceTree = "<group>";
		};
		C19A5EC92BB074370098AB46 /* vision */ = {
			isa = PBXGroup;
			children = (
				C19A5ECA2BB074430098AB46 /* VisionManager.swift */,
			);
			path = vision;
			sourceTree = "<group>";
		};
		C19A5ECF2BB163EB0098AB46 /* previewer */ = {
			isa = PBXGroup;
			children = (
				C19A5EBD2BB073930098AB46 /* PreviewerView.swift */,
				C19A5ED02BB1641D0098AB46 /* PreviewerViewModel.swift */,
			);
			path = previewer;
			sourceTree = "<group>";
		};
		C19A5ED22BB1DE0C0098AB46 /* presentation */ = {
			isa = PBXGroup;
			children = (
				C19A5ED42BB1DE160098AB46 /* module */,
				C19A5ED32BB1DE120098AB46 /* app */,
			);
			path = presentation;
			sourceTree = "<group>";
		};
		C19A5ED32BB1DE120098AB46 /* app */ = {
			isa = PBXGroup;
			children = (
				C19A5EBB2BB073930098AB46 /* visionSDKApp.swift */,
			);
			path = app;
			sourceTree = "<group>";
		};
		C19A5ED42BB1DE160098AB46 /* module */ = {
			isa = PBXGroup;
			children = (
				C19A5ECF2BB163EB0098AB46 /* previewer */,
			);
			path = module;
			sourceTree = "<group>";
		};
		C19A5ED52BB1DE270098AB46 /* documentScanner */ = {
			isa = PBXGroup;
			children = (
				C19A5ECC2BB08DFD0098AB46 /* DocumentScanner.swift */,
			);
			path = documentScanner;
			sourceTree = "<group>";
		};
		C19A5ED62BB1DE400098AB46 /* resources */ = {
			isa = PBXGroup;
			children = (
				C19A5EBF2BB073950098AB46 /* Assets.xcassets */,
			);
			path = resources;
			sourceTree = "<group>";
		};
		C19A5ED72BB1DE5E0098AB46 /* manager */ = {
			isa = PBXGroup;
			children = (
				C19A5ED52BB1DE270098AB46 /* documentScanner */,
				C19A5EC92BB074370098AB46 /* vision */,
			);
			path = manager;
			sourceTree = "<group>";
		};
/* End PBXGroup section */

/* Begin PBXNativeTarget section */
		C19A5EB72BB073930098AB46 /* visionSDK */ = {
			isa = PBXNativeTarget;
			buildConfigurationList = C19A5EC62BB073950098AB46 /* Build configuration list for PBXNativeTarget "visionSDK" */;
			buildPhases = (
				C19A5EB42BB073930098AB46 /* Sources */,
				C19A5EB52BB073930098AB46 /* Frameworks */,
				C19A5EB62BB073930098AB46 /* Resources */,
			);
			buildRules = (
			);
			dependencies = (
			);
			name = visionSDK;
			productName = visionSDK;
			productReference = C19A5EB82BB073930098AB46 /* visionSDK.app */;
			productType = "com.apple.product-type.application";
		};
/* End PBXNativeTarget section */

/* Begin PBXProject section */
		C19A5EB02BB073930098AB46 /* Project object */ = {
			isa = PBXProject;
			attributes = {
				BuildIndependentTargetsInParallel = 1;
				LastSwiftUpdateCheck = 1520;
				LastUpgradeCheck = 1520;
				TargetAttributes = {
					C19A5EB72BB073930098AB46 = {
						CreatedOnToolsVersion = 15.2;
					};
				};
			};
			buildConfigurationList = C19A5EB32BB073930098AB46 /* Build configuration list for PBXProject "visionSDK" */;
			compatibilityVersion = "Xcode 14.0";
			developmentRegion = en;
			hasScannedForEncodings = 0;
			knownRegions = (
				en,
				Base,
			);
			mainGroup = C19A5EAF2BB073930098AB46;
			productRefGroup = C19A5EB92BB073930098AB46 /* Products */;
			projectDirPath = "";
			projectRoot = "";
			targets = (
				C19A5EB72BB073930098AB46 /* visionSDK */,
			);
		};
/* End PBXProject section */

/* Begin PBXResourcesBuildPhase section */
		C19A5EB62BB073930098AB46 /* Resources */ = {
			isa = PBXResourcesBuildPhase;
			buildActionMask = 2147483647;
			files = (
				C19A5EC32BB073950098AB46 /* Preview Assets.xcassets in Resources */,
				C19A5EC02BB073950098AB46 /* Assets.xcassets in Resources */,
			);
			runOnlyForDeploymentPostprocessing = 0;
		};
/* End PBXResourcesBuildPhase section */

/* Begin PBXSourcesBuildPhase section */
		C19A5EB42BB073930098AB46 /* Sources */ = {
			isa = PBXSourcesBuildPhase;
			buildActionMask = 2147483647;
			files = (
				C19A5ED12BB1641D0098AB46 /* PreviewerViewModel.swift in Sources */,
				C19A5ECB2BB074430098AB46 /* VisionManager.swift in Sources */,
				C19A5ECD2BB08DFD0098AB46 /* DocumentScanner.swift in Sources */,
				C19A5EBE2BB073930098AB46 /* PreviewerView.swift in Sources */,
				C19A5EBC2BB073930098AB46 /* visionSDKApp.swift in Sources */,
			);
			runOnlyForDeploymentPostprocessing = 0;
		};
/* End PBXSourcesBuildPhase section */

/* Begin XCBuildConfiguration section */
		C19A5EC42BB073950098AB46 /* Debug */ = {
			isa = XCBuildConfiguration;
			buildSettings = {
				ALWAYS_SEARCH_USER_PATHS = NO;
				ASSETCATALOG_COMPILER_GENERATE_SWIFT_ASSET_SYMBOL_EXTENSIONS = YES;
				CLANG_ANALYZER_NONNULL = YES;
				CLANG_ANALYZER_NUMBER_OBJECT_CONVERSION = YES_AGGRESSIVE;
				CLANG_CXX_LANGUAGE_STANDARD = "gnu++20";
				CLANG_ENABLE_MODULES = YES;
				CLANG_ENABLE_OBJC_ARC = YES;
				CLANG_ENABLE_OBJC_WEAK = YES;
				CLANG_WARN_BLOCK_CAPTURE_AUTORELEASING = YES;
				CLANG_WARN_BOOL_CONVERSION = YES;
				CLANG_WARN_COMMA = YES;
				CLANG_WARN_CONSTANT_CONVERSION = YES;
				CLANG_WARN_DEPRECATED_OBJC_IMPLEMENTATIONS = YES;
				CLANG_WARN_DIRECT_OBJC_ISA_USAGE = YES_ERROR;
				CLANG_WARN_DOCUMENTATION_COMMENTS = YES;
				CLANG_WARN_EMPTY_BODY = YES;
				CLANG_WARN_ENUM_CONVERSION = YES;
				CLANG_WARN_INFINITE_RECURSION = YES;
				CLANG_WARN_INT_CONVERSION = YES;
				CLANG_WARN_NON_LITERAL_NULL_CONVERSION = YES;
				CLANG_WARN_OBJC_IMPLICIT_RETAIN_SELF = YES;
				CLANG_WARN_OBJC_LITERAL_CONVERSION = YES;
				CLANG_WARN_OBJC_ROOT_CLASS = YES_ERROR;
				CLANG_WARN_QUOTED_INCLUDE_IN_FRAMEWORK_HEADER = YES;
				CLANG_WARN_RANGE_LOOP_ANALYSIS = YES;
				CLANG_WARN_STRICT_PROTOTYPES = YES;
				CLANG_WARN_SUSPICIOUS_MOVE = YES;
				CLANG_WARN_UNGUARDED_AVAILABILITY = YES_AGGRESSIVE;
				CLANG_WARN_UNREACHABLE_CODE = YES;
				CLANG_WARN__DUPLICATE_METHOD_MATCH = YES;
				COPY_PHASE_STRIP = NO;
				DEBUG_INFORMATION_FORMAT = dwarf;
				ENABLE_STRICT_OBJC_MSGSEND = YES;
				ENABLE_TESTABILITY = YES;
				ENABLE_USER_SCRIPT_SANDBOXING = YES;
				GCC_C_LANGUAGE_STANDARD = gnu17;
				GCC_DYNAMIC_NO_PIC = NO;
				GCC_NO_COMMON_BLOCKS = YES;
				GCC_OPTIMIZATION_LEVEL = 0;
				GCC_PREPROCESSOR_DEFINITIONS = (
					"DEBUG=1",
					"$(inherited)",
				);
				GCC_WARN_64_TO_32_BIT_CONVERSION = YES;
				GCC_WARN_ABOUT_RETURN_TYPE = YES_ERROR;
				GCC_WARN_UNDECLARED_SELECTOR = YES;
				GCC_WARN_UNINITIALIZED_AUTOS = YES_AGGRESSIVE;
				GCC_WARN_UNUSED_FUNCTION = YES;
				GCC_WARN_UNUSED_VARIABLE = YES;
				IPHONEOS_DEPLOYMENT_TARGET = 17.2;
				LOCALIZATION_PREFERS_STRING_CATALOGS = YES;
				MTL_ENABLE_DEBUG_INFO = INCLUDE_SOURCE;
				MTL_FAST_MATH = YES;
				ONLY_ACTIVE_ARCH = YES;
				SDKROOT = iphoneos;
				SWIFT_ACTIVE_COMPILATION_CONDITIONS = "DEBUG $(inherited)";
				SWIFT_OPTIMIZATION_LEVEL = "-Onone";
			};
			name = Debug;
		};
		C19A5EC52BB073950098AB46 /* Release */ = {
			isa = XCBuildConfiguration;
			buildSettings = {
				ALWAYS_SEARCH_USER_PATHS = NO;
				ASSETCATALOG_COMPILER_GENERATE_SWIFT_ASSET_SYMBOL_EXTENSIONS = YES;
				CLANG_ANALYZER_NONNULL = YES;
				CLANG_ANALYZER_NUMBER_OBJECT_CONVERSION = YES_AGGRESSIVE;
				CLANG_CXX_LANGUAGE_STANDARD = "gnu++20";
				CLANG_ENABLE_MODULES = YES;
				CLANG_ENABLE_OBJC_ARC = YES;
				CLANG_ENABLE_OBJC_WEAK = YES;
				CLANG_WARN_BLOCK_CAPTURE_AUTORELEASING = YES;
				CLANG_WARN_BOOL_CONVERSION = YES;
				CLANG_WARN_COMMA = YES;
				CLANG_WARN_CONSTANT_CONVERSION = YES;
				CLANG_WARN_DEPRECATED_OBJC_IMPLEMENTATIONS = YES;
				CLANG_WARN_DIRECT_OBJC_ISA_USAGE = YES_ERROR;
				CLANG_WARN_DOCUMENTATION_COMMENTS = YES;
				CLANG_WARN_EMPTY_BODY = YES;
				CLANG_WARN_ENUM_CONVERSION = YES;
				CLANG_WARN_INFINITE_RECURSION = YES;
				CLANG_WARN_INT_CONVERSION = YES;
				CLANG_WARN_NON_LITERAL_NULL_CONVERSION = YES;
				CLANG_WARN_OBJC_IMPLICIT_RETAIN_SELF = YES;
				CLANG_WARN_OBJC_LITERAL_CONVERSION = YES;
				CLANG_WARN_OBJC_ROOT_CLASS = YES_ERROR;
				CLANG_WARN_QUOTED_INCLUDE_IN_FRAMEWORK_HEADER = YES;
				CLANG_WARN_RANGE_LOOP_ANALYSIS = YES;
				CLANG_WARN_STRICT_PROTOTYPES = YES;
				CLANG_WARN_SUSPICIOUS_MOVE = YES;
				CLANG_WARN_UNGUARDED_AVAILABILITY = YES_AGGRESSIVE;
				CLANG_WARN_UNREACHABLE_CODE = YES;
				CLANG_WARN__DUPLICATE_METHOD_MATCH = YES;
				COPY_PHASE_STRIP = NO;
				DEBUG_INFORMATION_FORMAT = "dwarf-with-dsym";
				ENABLE_NS_ASSERTIONS = NO;
				ENABLE_STRICT_OBJC_MSGSEND = YES;
				ENABLE_USER_SCRIPT_SANDBOXING = YES;
				GCC_C_LANGUAGE_STANDARD = gnu17;
				GCC_NO_COMMON_BLOCKS = YES;
				GCC_WARN_64_TO_32_BIT_CONVERSION = YES;
				GCC_WARN_ABOUT_RETURN_TYPE = YES_ERROR;
				GCC_WARN_UNDECLARED_SELECTOR = YES;
				GCC_WARN_UNINITIALIZED_AUTOS = YES_AGGRESSIVE;
				GCC_WARN_UNUSED_FUNCTION = YES;
				GCC_WARN_UNUSED_VARIABLE = YES;
				IPHONEOS_DEPLOYMENT_TARGET = 17.2;
				LOCALIZATION_PREFERS_STRING_CATALOGS = YES;
				MTL_ENABLE_DEBUG_INFO = NO;
				MTL_FAST_MATH = YES;
				SDKROOT = iphoneos;
				SWIFT_COMPILATION_MODE = wholemodule;
				VALIDATE_PRODUCT = YES;
			};
			name = Release;
		};
		C19A5EC72BB073950098AB46 /* Debug */ = {
			isa = XCBuildConfiguration;
			buildSettings = {
				ASSETCATALOG_COMPILER_APPICON_NAME = AppIcon;
				ASSETCATALOG_COMPILER_GLOBAL_ACCENT_COLOR_NAME = AccentColor;
				CODE_SIGN_STYLE = Automatic;
				CURRENT_PROJECT_VERSION = 1;
				DEVELOPMENT_ASSET_PATHS = "\"visionSDK/Preview Content\"";
				DEVELOPMENT_TEAM = 3BJD5A7BSQ;
				ENABLE_PREVIEWS = YES;
				GENERATE_INFOPLIST_FILE = YES;
				INFOPLIST_FILE = visionSDK/Info.plist;
				INFOPLIST_KEY_NSCameraUsageDescription = "Esta app necesita acceso a la camara para escanera documentos";
				INFOPLIST_KEY_UIApplicationSceneManifest_Generation = YES;
				INFOPLIST_KEY_UIApplicationSupportsIndirectInputEvents = YES;
				INFOPLIST_KEY_UILaunchScreen_Generation = YES;
				INFOPLIST_KEY_UISupportedInterfaceOrientations_iPad = "UIInterfaceOrientationPortrait UIInterfaceOrientationPortraitUpsideDown UIInterfaceOrientationLandscapeLeft UIInterfaceOrientationLandscapeRight";
				INFOPLIST_KEY_UISupportedInterfaceOrientations_iPhone = "UIInterfaceOrientationPortrait UIInterfaceOrientationLandscapeLeft UIInterfaceOrientationLandscapeRight";
				LD_RUNPATH_SEARCH_PATHS = (
					"$(inherited)",
					"@executable_path/Frameworks",
				);
				MARKETING_VERSION = 1.0;
				PRODUCT_BUNDLE_IDENTIFIER = es.fernandosalom.components.visionSDK;
				PRODUCT_NAME = "$(TARGET_NAME)";
				SWIFT_EMIT_LOC_STRINGS = YES;
				SWIFT_VERSION = 5.0;
				TARGETED_DEVICE_FAMILY = "1,2";
			};
			name = Debug;
		};
		C19A5EC82BB073950098AB46 /* Release */ = {
			isa = XCBuildConfiguration;
			buildSettings = {
				ASSETCATALOG_COMPILER_APPICON_NAME = AppIcon;
				ASSETCATALOG_COMPILER_GLOBAL_ACCENT_COLOR_NAME = AccentColor;
				CODE_SIGN_STYLE = Automatic;
				CURRENT_PROJECT_VERSION = 1;
				DEVELOPMENT_ASSET_PATHS = "\"visionSDK/Preview Content\"";
				DEVELOPMENT_TEAM = 3BJD5A7BSQ;
				ENABLE_PREVIEWS = YES;
				GENERATE_INFOPLIST_FILE = YES;
				INFOPLIST_FILE = visionSDK/Info.plist;
				INFOPLIST_KEY_NSCameraUsageDescription = "Esta app necesita acceso a la camara para escanera documentos";
				INFOPLIST_KEY_UIApplicationSceneManifest_Generation = YES;
				INFOPLIST_KEY_UIApplicationSupportsIndirectInputEvents = YES;
				INFOPLIST_KEY_UILaunchScreen_Generation = YES;
				INFOPLIST_KEY_UISupportedInterfaceOrientations_iPad = "UIInterfaceOrientationPortrait UIInterfaceOrientationPortraitUpsideDown UIInterfaceOrientationLandscapeLeft UIInterfaceOrientationLandscapeRight";
				INFOPLIST_KEY_UISupportedInterfaceOrientations_iPhone = "UIInterfaceOrientationPortrait UIInterfaceOrientationLandscapeLeft UIInterfaceOrientationLandscapeRight";
				LD_RUNPATH_SEARCH_PATHS = (
					"$(inherited)",
					"@executable_path/Frameworks",
				);
				MARKETING_VERSION = 1.0;
				PRODUCT_BUNDLE_IDENTIFIER = es.fernandosalom.components.visionSDK;
				PRODUCT_NAME = "$(TARGET_NAME)";
				SWIFT_EMIT_LOC_STRINGS = YES;
				SWIFT_VERSION = 5.0;
				TARGETED_DEVICE_FAMILY = "1,2";
			};
			name = Release;
		};
/* End XCBuildConfiguration section */

/* Begin XCConfigurationList section */
		C19A5EB32BB073930098AB46 /* Build configuration list for PBXProject "visionSDK" */ = {
			isa = XCConfigurationList;
			buildConfigurations = (
				C19A5EC42BB073950098AB46 /* Debug */,
				C19A5EC52BB073950098AB46 /* Release */,
			);
			defaultConfigurationIsVisible = 0;
			defaultConfigurationName = Release;
		};
		C19A5EC62BB073950098AB46 /* Build configuration list for PBXNativeTarget "visionSDK" */ = {
			isa = XCConfigurationList;
			buildConfigurations = (
				C19A5EC72BB073950098AB46 /* Debug */,
				C19A5EC82BB073950098AB46 /* Release */,
			);
			defaultConfigurationIsVisible = 0;
			defaultConfigurationName = Release;
		};
/* End XCConfigurationList section */
	};
	rootObject = C19A5EB02BB073930098AB46 /* Project object */;
}
